{
  "originHash" : "cd2bbcdcbadf16418dfe7329508f1fb1aff93935d48854bd0746387a09054a50",
  "pins" : [
    {
      "identity" : "strada-ios",
      "kind" : "remoteSourceControl",
      "location" : "https://github.com/hotwired/strada-ios",
      "state" : {
        "revision" : "a44a86d4bab98d29cbba31446ee4834670613119",
        "version" : "1.0.0-beta2"
      }
    },
    {
      "identity" : "turbo-ios",
      "kind" : "remoteSourceControl",
      "location" : "https://github.com/hotwired/turbo-ios",
      "state" : {
        "revision" : "bad1d5582951a58c2a498f9f30260d1b7a00085c",
        "version" : "7.0.2"
      }
    }
  ],
  "version" : 3
}
